
Microsoft Visual Studio Solution File, Format Version 12.00
# Visual Studio Version 16
VisualStudioVersion = 16.0.29409.12
MinimumVisualStudioVersion = 10.0.40219.1
Project("{8BC9CEB8-8B4A-11D0-8D11-00A0C91BC942}") = "Pareto_Calculator", "Pareto_Calculator.vcxproj", "{4C0C11E8-194A-49CB-9FED-1C8EA35C76A9}"
	ProjectSection(ProjectDependencies) = postProject
		{C2C81349-0C62-4901-B3BF-28BE0EFF5B3D} = {C2C81349-0C62-4901-B3BF-28BE0EFF5B3D}
	EndProjectSection
EndProject
Project("{8BC9CEB8-8B4A-11D0-8D11-00A0C91BC942}") = "gbdd", "gbdd\gbdd.vcxproj", "{C2C81349-0C62-4901-B3BF-28BE0EFF5B3D}"
EndProject
Global
	GlobalSection(SolutionConfigurationPlatforms) = preSolution
		Debug|Win32 = Debug|Win32
		Release|Win32 = Release|Win32
	EndGlobalSection
	GlobalSection(ProjectConfigurationPlatforms) = postSolution
		{4C0C11E8-194A-49CB-9FED-1C8EA35C76A9}.Debug|Win32.ActiveCfg = Debug|Win32
		{4C0C11E8-194A-49CB-9FED-1C8EA35C76A9}.Debug|Win32.Build.0 = Debug|Win32
		{4C0C11E8-194A-49CB-9FED-1C8EA35C76A9}.Release|Win32.ActiveCfg = Release|Win32
		{4C0C11E8-194A-49CB-9FED-1C8EA35C76A9}.Release|Win32.Build.0 = Release|Win32
		{C2C81349-0C62-4901-B3BF-28BE0EFF5B3D}.Debug|Win32.ActiveCfg = Debug|Win32
		{C2C81349-0C62-4901-B3BF-28BE0EFF5B3D}.Debug|Win32.Build.0 = Debug|Win32
		{C2C81349-0C62-4901-B3BF-28BE0EFF5B3D}.Release|Win32.ActiveCfg = Release|Win32
		{C2C81349-0C62-4901-B3BF-28BE0EFF5B3D}.Release|Win32.Build.0 = Release|Win32
	EndGlobalSection
	GlobalSection(SolutionProperties) = preSolution
		HideSolutionNode = FALSE
	EndGlobalSection
	GlobalSection(ExtensibilityGlobals) = postSolution
		SolutionGuid = {E54C5444-3582-4784-83E5-E15A6DEF0F9A}
	EndGlobalSection
EndGlobal
