
Microsoft Visual Studio Solution File, Format Version 12.00
# Visual Studio Version 16
VisualStudioVersion = 16.0.29409.12
MinimumVisualStudioVersion = 10.0.40219.1
Project("{8BC9CEB8-8B4A-11D0-8D11-00A0C91BC942}") = "Pareto_Calculator", "Pareto_Calculator.vcxproj", "{4C0C11E8-194A-49CB-9FED-1C8EA35C76A9}"
	ProjectSection(ProjectDependencies) = postProject
		{C2C81349-0C62-4901-B3BF-28BE0EFF5B3D} = {C2C81349-0C62-4901-B3BF-28BE0EFF5B3D}
		{D5C7B7D1-B67C-4A97-89B1-80F0BE96766F} = {D5C7B7D1-B67C-4A97-89B1-80F0BE96766F}
	EndProjectSection
EndProject
Project("{8BC9CEB8-8B4A-11D0-8D11-00A0C91BC942}") = "gbdd", "gbdd.vcxproj", "{C2C81349-0C62-4901-B3BF-28BE0EFF5B3D}"
	ProjectSection(ProjectDependencies) = postProject
		{D5C7B7D1-B67C-4A97-89B1-80F0BE96766F} = {D5C7B7D1-B67C-4A97-89B1-80F0BE96766F}
	EndProjectSection
EndProject
Project("{8BC9CEB8-8B4A-11D0-8D11-00A0C91BC942}") = "cudd", "cudd.vcxproj", "{D5C7B7D1-B67C-4A97-89B1-80F0BE96766F}"
EndProject
Project("{2150E333-8FDC-42A3-9474-1A3956D46DE8}") = "Examples", "Examples", "{496E9509-F496-4F05-9AFC-16EBDB587AEE}"
EndProject
Project("{8BC9CEB8-8B4A-11D0-8D11-00A0C91BC942}") = "Betsy", "Betsy.vcxproj", "{EA0EC44F-0396-4CA1-BB06-F0588E9B74EF}"
	ProjectSection(ProjectDependencies) = postProject
		{C2C81349-0C62-4901-B3BF-28BE0EFF5B3D} = {C2C81349-0C62-4901-B3BF-28BE0EFF5B3D}
		{D5C7B7D1-B67C-4A97-89B1-80F0BE96766F} = {D5C7B7D1-B67C-4A97-89B1-80F0BE96766F}
		{4C0C11E8-194A-49CB-9FED-1C8EA35C76A9} = {4C0C11E8-194A-49CB-9FED-1C8EA35C76A9}
	EndProjectSection
EndProject
Project("{8BC9CEB8-8B4A-11D0-8D11-00A0C91BC942}") = "ProdConsTest", "ProdConsTest.vcxproj", "{3B890C77-55ED-4B43-BE25-2FD2352500A5}"
	ProjectSection(ProjectDependencies) = postProject
		{C2C81349-0C62-4901-B3BF-28BE0EFF5B3D} = {C2C81349-0C62-4901-B3BF-28BE0EFF5B3D}
		{D5C7B7D1-B67C-4A97-89B1-80F0BE96766F} = {D5C7B7D1-B67C-4A97-89B1-80F0BE96766F}
		{4C0C11E8-194A-49CB-9FED-1C8EA35C76A9} = {4C0C11E8-194A-49CB-9FED-1C8EA35C76A9}
	EndProjectSection
EndProject
Project("{8BC9CEB8-8B4A-11D0-8D11-00A0C91BC942}") = "Test", "Test.vcxproj", "{A70C34BC-1378-4E5C-A1BA-7B8136E468F3}"
	ProjectSection(ProjectDependencies) = postProject
		{C2C81349-0C62-4901-B3BF-28BE0EFF5B3D} = {C2C81349-0C62-4901-B3BF-28BE0EFF5B3D}
		{D5C7B7D1-B67C-4A97-89B1-80F0BE96766F} = {D5C7B7D1-B67C-4A97-89B1-80F0BE96766F}
		{4C0C11E8-194A-49CB-9FED-1C8EA35C76A9} = {4C0C11E8-194A-49CB-9FED-1C8EA35C76A9}
	EndProjectSection
EndProject
Global
	GlobalSection(SolutionConfigurationPlatforms) = preSolution
		Debug|Win32 = Debug|Win32
		Debug|x64 = Debug|x64
		Release|Win32 = Release|Win32
		Release|x64 = Release|x64
	EndGlobalSection
	GlobalSection(ProjectConfigurationPlatforms) = postSolution
		{4C0C11E8-194A-49CB-9FED-1C8EA35C76A9}.Debug|Win32.ActiveCfg = Debug|Win32
		{4C0C11E8-194A-49CB-9FED-1C8EA35C76A9}.Debug|Win32.Build.0 = Debug|Win32
		{4C0C11E8-194A-49CB-9FED-1C8EA35C76A9}.Debug|x64.ActiveCfg = Debug|Win32
		{4C0C11E8-194A-49CB-9FED-1C8EA35C76A9}.Release|Win32.ActiveCfg = Release|Win32
		{4C0C11E8-194A-49CB-9FED-1C8EA35C76A9}.Release|Win32.Build.0 = Release|Win32
		{4C0C11E8-194A-49CB-9FED-1C8EA35C76A9}.Release|x64.ActiveCfg = Release|Win32
		{C2C81349-0C62-4901-B3BF-28BE0EFF5B3D}.Debug|Win32.ActiveCfg = Debug|Win32
		{C2C81349-0C62-4901-B3BF-28BE0EFF5B3D}.Debug|Win32.Build.0 = Debug|Win32
		{C2C81349-0C62-4901-B3BF-28BE0EFF5B3D}.Debug|x64.ActiveCfg = Debug|Win32
		{C2C81349-0C62-4901-B3BF-28BE0EFF5B3D}.Release|Win32.ActiveCfg = Release|Win32
		{C2C81349-0C62-4901-B3BF-28BE0EFF5B3D}.Release|Win32.Build.0 = Release|Win32
		{C2C81349-0C62-4901-B3BF-28BE0EFF5B3D}.Release|x64.ActiveCfg = Release|Win32
		{D5C7B7D1-B67C-4A97-89B1-80F0BE96766F}.Debug|Win32.ActiveCfg = Debug|Win32
		{D5C7B7D1-B67C-4A97-89B1-80F0BE96766F}.Debug|Win32.Build.0 = Debug|Win32
		{D5C7B7D1-B67C-4A97-89B1-80F0BE96766F}.Debug|x64.ActiveCfg = Debug|x64
		{D5C7B7D1-B67C-4A97-89B1-80F0BE96766F}.Debug|x64.Build.0 = Debug|x64
		{D5C7B7D1-B67C-4A97-89B1-80F0BE96766F}.Release|Win32.ActiveCfg = Release|Win32
		{D5C7B7D1-B67C-4A97-89B1-80F0BE96766F}.Release|Win32.Build.0 = Release|Win32
		{D5C7B7D1-B67C-4A97-89B1-80F0BE96766F}.Release|x64.ActiveCfg = Release|x64
		{D5C7B7D1-B67C-4A97-89B1-80F0BE96766F}.Release|x64.Build.0 = Release|x64
		{EA0EC44F-0396-4CA1-BB06-F0588E9B74EF}.Debug|Win32.ActiveCfg = Debug|Win32
		{EA0EC44F-0396-4CA1-BB06-F0588E9B74EF}.Debug|Win32.Build.0 = Debug|Win32
		{EA0EC44F-0396-4CA1-BB06-F0588E9B74EF}.Debug|x64.ActiveCfg = Debug|x64
		{EA0EC44F-0396-4CA1-BB06-F0588E9B74EF}.Debug|x64.Build.0 = Debug|x64
		{EA0EC44F-0396-4CA1-BB06-F0588E9B74EF}.Release|Win32.ActiveCfg = Release|Win32
		{EA0EC44F-0396-4CA1-BB06-F0588E9B74EF}.Release|Win32.Build.0 = Release|Win32
		{EA0EC44F-0396-4CA1-BB06-F0588E9B74EF}.Release|x64.ActiveCfg = Release|x64
		{EA0EC44F-0396-4CA1-BB06-F0588E9B74EF}.Release|x64.Build.0 = Release|x64
		{3B890C77-55ED-4B43-BE25-2FD2352500A5}.Debug|Win32.ActiveCfg = Debug|Win32
		{3B890C77-55ED-4B43-BE25-2FD2352500A5}.Debug|Win32.Build.0 = Debug|Win32
		{3B890C77-55ED-4B43-BE25-2FD2352500A5}.Debug|x64.ActiveCfg = Debug|x64
		{3B890C77-55ED-4B43-BE25-2FD2352500A5}.Debug|x64.Build.0 = Debug|x64
		{3B890C77-55ED-4B43-BE25-2FD2352500A5}.Release|Win32.ActiveCfg = Release|Win32
		{3B890C77-55ED-4B43-BE25-2FD2352500A5}.Release|Win32.Build.0 = Release|Win32
		{3B890C77-55ED-4B43-BE25-2FD2352500A5}.Release|x64.ActiveCfg = Release|x64
		{3B890C77-55ED-4B43-BE25-2FD2352500A5}.Release|x64.Build.0 = Release|x64
		{A70C34BC-1378-4E5C-A1BA-7B8136E468F3}.Debug|Win32.ActiveCfg = Debug|Win32
		{A70C34BC-1378-4E5C-A1BA-7B8136E468F3}.Debug|Win32.Build.0 = Debug|Win32
		{A70C34BC-1378-4E5C-A1BA-7B8136E468F3}.Debug|x64.ActiveCfg = Debug|x64
		{A70C34BC-1378-4E5C-A1BA-7B8136E468F3}.Debug|x64.Build.0 = Debug|x64
		{A70C34BC-1378-4E5C-A1BA-7B8136E468F3}.Release|Win32.ActiveCfg = Release|Win32
		{A70C34BC-1378-4E5C-A1BA-7B8136E468F3}.Release|Win32.Build.0 = Release|Win32
		{A70C34BC-1378-4E5C-A1BA-7B8136E468F3}.Release|x64.ActiveCfg = Release|x64
		{A70C34BC-1378-4E5C-A1BA-7B8136E468F3}.Release|x64.Build.0 = Release|x64
	EndGlobalSection
	GlobalSection(SolutionProperties) = preSolution
		HideSolutionNode = FALSE
	EndGlobalSection
	GlobalSection(NestedProjects) = preSolution
		{EA0EC44F-0396-4CA1-BB06-F0588E9B74EF} = {496E9509-F496-4F05-9AFC-16EBDB587AEE}
		{3B890C77-55ED-4B43-BE25-2FD2352500A5} = {496E9509-F496-4F05-9AFC-16EBDB587AEE}
		{A70C34BC-1378-4E5C-A1BA-7B8136E468F3} = {496E9509-F496-4F05-9AFC-16EBDB587AEE}
	EndGlobalSection
	GlobalSection(ExtensibilityGlobals) = postSolution
		SolutionGuid = {E54C5444-3582-4784-83E5-E15A6DEF0F9A}
	EndGlobalSection
EndGlobal
