<?xml version="1.0" encoding="utf-8"?>
<Project ToolsVersion="4.0" xmlns="http://schemas.microsoft.com/developer/msbuild/2003">
  <ItemGroup>
    <Filter Include="Source Files">
      <UniqueIdentifier>{4FC737F1-C7A5-4376-A066-2A32D752A2FF}</UniqueIdentifier>
      <Extensions>cpp;c;cc;cxx;def;odl;idl;hpj;bat;asm;asmx</Extensions>
    </Filter>
    <Filter Include="Header Files">
      <UniqueIdentifier>{93995380-89BD-4b04-88EB-625FBE52EBFB}</UniqueIdentifier>
      <Extensions>h;hh;hpp;hxx;hm;inl;inc;ipp;xsd</Extensions>
    </Filter>
    <Filter Include="Resource Files">
      <UniqueIdentifier>{67DA6AB6-F800-4c08-8B7A-83BB121AAD01}</UniqueIdentifier>
      <Extensions>rc;ico;cur;bmp;dlg;rc2;rct;bin;rgs;gif;jpg;jpeg;jpe;resx;tiff;tif;png;wav;mfcribbon-ms</Extensions>
    </Filter>
    <Filter Include="Source Files\cudd">
      <UniqueIdentifier>{4b0c51c7-5b5e-49b0-b902-30b19f91910b}</UniqueIdentifier>
    </Filter>
    <Filter Include="Source Files\util">
      <UniqueIdentifier>{c9bd40ff-c874-4af4-b743-9321ab51f364}</UniqueIdentifier>
    </Filter>
    <Filter Include="Header Files\cudd">
      <UniqueIdentifier>{1edadb60-cd6c-4c66-ac43-a4846de91567}</UniqueIdentifier>
    </Filter>
    <Filter Include="Header Files\util">
      <UniqueIdentifier>{4333f884-6bdd-4cb3-9a0c-5b179aec9d7a}</UniqueIdentifier>
    </Filter>
    <Filter Include="Source Files\st">
      <UniqueIdentifier>{1294c9fa-b085-4a4c-8f03-2b51564b4362}</UniqueIdentifier>
    </Filter>
    <Filter Include="Header Files\st">
      <UniqueIdentifier>{2173f63f-383c-46f9-9790-ae4f09b43388}</UniqueIdentifier>
    </Filter>
    <Filter Include="Source Files\mtr">
      <UniqueIdentifier>{a1cfb0e0-c67f-4cb4-8558-9d455436bdaf}</UniqueIdentifier>
    </Filter>
    <Filter Include="Header Files\mtr">
      <UniqueIdentifier>{49bf2e86-eea3-42b3-ba6e-9b82b422fdf5}</UniqueIdentifier>
    </Filter>
    <Filter Include="Source Files\epd">
      <UniqueIdentifier>{4c0f3662-be1a-421b-9e76-0b2f2c70297d}</UniqueIdentifier>
    </Filter>
    <Filter Include="Header Files\epd">
      <UniqueIdentifier>{0daf72a4-ecc9-47e1-b649-7b93fa8a4734}</UniqueIdentifier>
    </Filter>
  </ItemGroup>
  <ItemGroup>
    <ClCompile Include="..\cudd\cudd\cuddAddAbs.c">
      <Filter>Source Files\cudd</Filter>
    </ClCompile>
    <ClCompile Include="..\cudd\cudd\cuddAddApply.c">
      <Filter>Source Files\cudd</Filter>
    </ClCompile>
    <ClCompile Include="..\cudd\cudd\cuddAddFind.c">
      <Filter>Source Files\cudd</Filter>
    </ClCompile>
    <ClCompile Include="..\cudd\cudd\cuddAddInv.c">
      <Filter>Source Files\cudd</Filter>
    </ClCompile>
    <ClCompile Include="..\cudd\cudd\cuddAddIte.c">
      <Filter>Source Files\cudd</Filter>
    </ClCompile>
    <ClCompile Include="..\cudd\cudd\cuddAddNeg.c">
      <Filter>Source Files\cudd</Filter>
    </ClCompile>
    <ClCompile Include="..\cudd\cudd\cuddAddWalsh.c">
      <Filter>Source Files\cudd</Filter>
    </ClCompile>
    <ClCompile Include="..\cudd\cudd\cuddAndAbs.c">
      <Filter>Source Files\cudd</Filter>
    </ClCompile>
    <ClCompile Include="..\cudd\cudd\cuddAnneal.c">
      <Filter>Source Files\cudd</Filter>
    </ClCompile>
    <ClCompile Include="..\cudd\cudd\cuddApa.c">
      <Filter>Source Files\cudd</Filter>
    </ClCompile>
    <ClCompile Include="..\cudd\cudd\cuddAPI.c">
      <Filter>Source Files\cudd</Filter>
    </ClCompile>
    <ClCompile Include="..\cudd\cudd\cuddApprox.c">
      <Filter>Source Files\cudd</Filter>
    </ClCompile>
    <ClCompile Include="..\cudd\cudd\cuddBddAbs.c">
      <Filter>Source Files\cudd</Filter>
    </ClCompile>
    <ClCompile Include="..\cudd\cudd\cuddBddCorr.c">
      <Filter>Source Files\cudd</Filter>
    </ClCompile>
    <ClCompile Include="..\cudd\cudd\cuddBddIte.c">
      <Filter>Source Files\cudd</Filter>
    </ClCompile>
    <ClCompile Include="..\cudd\cudd\cuddBridge.c">
      <Filter>Source Files\cudd</Filter>
    </ClCompile>
    <ClCompile Include="..\cudd\cudd\cuddCache.c">
      <Filter>Source Files\cudd</Filter>
    </ClCompile>
    <ClCompile Include="..\cudd\cudd\cuddCheck.c">
      <Filter>Source Files\cudd</Filter>
    </ClCompile>
    <ClCompile Include="..\cudd\cudd\cuddClip.c">
      <Filter>Source Files\cudd</Filter>
    </ClCompile>
    <ClCompile Include="..\cudd\cudd\cuddCof.c">
      <Filter>Source Files\cudd</Filter>
    </ClCompile>
    <ClCompile Include="..\cudd\cudd\cuddCompose.c">
      <Filter>Source Files\cudd</Filter>
    </ClCompile>
    <ClCompile Include="..\cudd\cudd\cuddDecomp.c">
      <Filter>Source Files\cudd</Filter>
    </ClCompile>
    <ClCompile Include="..\cudd\cudd\cuddEssent.c">
      <Filter>Source Files\cudd</Filter>
    </ClCompile>
    <ClCompile Include="..\cudd\cudd\cuddExact.c">
      <Filter>Source Files\cudd</Filter>
    </ClCompile>
    <ClCompile Include="..\cudd\cudd\cuddExport.c">
      <Filter>Source Files\cudd</Filter>
    </ClCompile>
    <ClCompile Include="..\cudd\cudd\cuddGenCof.c">
      <Filter>Source Files\cudd</Filter>
    </ClCompile>
    <ClCompile Include="..\cudd\cudd\cuddGenetic.c">
      <Filter>Source Files\cudd</Filter>
    </ClCompile>
    <ClCompile Include="..\cudd\cudd\cuddGroup.c">
      <Filter>Source Files\cudd</Filter>
    </ClCompile>
    <ClCompile Include="..\cudd\cudd\cuddHarwell.c">
      <Filter>Source Files\cudd</Filter>
    </ClCompile>
    <ClCompile Include="..\cudd\cudd\cuddInit.c">
      <Filter>Source Files\cudd</Filter>
    </ClCompile>
    <ClCompile Include="..\cudd\cudd\cuddInteract.c">
      <Filter>Source Files\cudd</Filter>
    </ClCompile>
    <ClCompile Include="..\cudd\cudd\cuddLCache.c">
      <Filter>Source Files\cudd</Filter>
    </ClCompile>
    <ClCompile Include="..\cudd\cudd\cuddLevelQ.c">
      <Filter>Source Files\cudd</Filter>
    </ClCompile>
    <ClCompile Include="..\cudd\cudd\cuddLinear.c">
      <Filter>Source Files\cudd</Filter>
    </ClCompile>
    <ClCompile Include="..\cudd\cudd\cuddLiteral.c">
      <Filter>Source Files\cudd</Filter>
    </ClCompile>
    <ClCompile Include="..\cudd\cudd\cuddMatMult.c">
      <Filter>Source Files\cudd</Filter>
    </ClCompile>
    <ClCompile Include="..\cudd\cudd\cuddPriority.c">
      <Filter>Source Files\cudd</Filter>
    </ClCompile>
    <ClCompile Include="..\cudd\cudd\cuddRead.c">
      <Filter>Source Files\cudd</Filter>
    </ClCompile>
    <ClCompile Include="..\cudd\cudd\cuddRef.c">
      <Filter>Source Files\cudd</Filter>
    </ClCompile>
    <ClCompile Include="..\cudd\cudd\cuddReorder.c">
      <Filter>Source Files\cudd</Filter>
    </ClCompile>
    <ClCompile Include="..\cudd\cudd\cuddSat.c">
      <Filter>Source Files\cudd</Filter>
    </ClCompile>
    <ClCompile Include="..\cudd\cudd\cuddSign.c">
      <Filter>Source Files\cudd</Filter>
    </ClCompile>
    <ClCompile Include="..\cudd\cudd\cuddSolve.c">
      <Filter>Source Files\cudd</Filter>
    </ClCompile>
    <ClCompile Include="..\cudd\cudd\cuddSplit.c">
      <Filter>Source Files\cudd</Filter>
    </ClCompile>
    <ClCompile Include="..\cudd\cudd\cuddSubsetHB.c">
      <Filter>Source Files\cudd</Filter>
    </ClCompile>
    <ClCompile Include="..\cudd\cudd\cuddSubsetSP.c">
      <Filter>Source Files\cudd</Filter>
    </ClCompile>
    <ClCompile Include="..\cudd\cudd\cuddSymmetry.c">
      <Filter>Source Files\cudd</Filter>
    </ClCompile>
    <ClCompile Include="..\cudd\cudd\cuddTable.c">
      <Filter>Source Files\cudd</Filter>
    </ClCompile>
    <ClCompile Include="..\cudd\cudd\cuddUtil.c">
      <Filter>Source Files\cudd</Filter>
    </ClCompile>
    <ClCompile Include="..\cudd\cudd\cuddWindow.c">
      <Filter>Source Files\cudd</Filter>
    </ClCompile>
    <ClCompile Include="..\cudd\cudd\cuddZddCount.c">
      <Filter>Source Files\cudd</Filter>
    </ClCompile>
    <ClCompile Include="..\cudd\cudd\cuddZddFuncs.c">
      <Filter>Source Files\cudd</Filter>
    </ClCompile>
    <ClCompile Include="..\cudd\cudd\cuddZddGroup.c">
      <Filter>Source Files\cudd</Filter>
    </ClCompile>
    <ClCompile Include="..\cudd\cudd\cuddZddIsop.c">
      <Filter>Source Files\cudd</Filter>
    </ClCompile>
    <ClCompile Include="..\cudd\cudd\cuddZddLin.c">
      <Filter>Source Files\cudd</Filter>
    </ClCompile>
    <ClCompile Include="..\cudd\cudd\cuddZddMisc.c">
      <Filter>Source Files\cudd</Filter>
    </ClCompile>
    <ClCompile Include="..\cudd\cudd\cuddZddPort.c">
      <Filter>Source Files\cudd</Filter>
    </ClCompile>
    <ClCompile Include="..\cudd\cudd\cuddZddReord.c">
      <Filter>Source Files\cudd</Filter>
    </ClCompile>
    <ClCompile Include="..\cudd\cudd\cuddZddSetop.c">
      <Filter>Source Files\cudd</Filter>
    </ClCompile>
    <ClCompile Include="..\cudd\cudd\cuddZddSymm.c">
      <Filter>Source Files\cudd</Filter>
    </ClCompile>
    <ClCompile Include="..\cudd\cudd\cuddZddUtil.c">
      <Filter>Source Files\cudd</Filter>
    </ClCompile>
    <ClCompile Include="..\cudd\cudd\testextra.c">
      <Filter>Source Files\cudd</Filter>
    </ClCompile>
    <ClCompile Include="..\cudd\util\cpu_stats.c">
      <Filter>Source Files\util</Filter>
    </ClCompile>
    <ClCompile Include="..\cudd\util\cpu_time.c">
      <Filter>Source Files\util</Filter>
    </ClCompile>
    <ClCompile Include="..\cudd\util\cstringstream.c">
      <Filter>Source Files\util</Filter>
    </ClCompile>
    <ClCompile Include="..\cudd\util\datalimit.c">
      <Filter>Source Files\util</Filter>
    </ClCompile>
    <ClCompile Include="..\cudd\util\pathsearch.c">
      <Filter>Source Files\util</Filter>
    </ClCompile>
    <ClCompile Include="..\cudd\util\pipefork.c">
      <Filter>Source Files\util</Filter>
    </ClCompile>
    <ClCompile Include="..\cudd\util\prtime.c">
      <Filter>Source Files\util</Filter>
    </ClCompile>
    <ClCompile Include="..\cudd\util\safe_mem.c">
      <Filter>Source Files\util</Filter>
    </ClCompile>
    <ClCompile Include="..\cudd\util\strsav.c">
      <Filter>Source Files\util</Filter>
    </ClCompile>
    <ClCompile Include="..\cudd\util\texpand.c">
      <Filter>Source Files\util</Filter>
    </ClCompile>
    <ClCompile Include="..\cudd\util\ucbqsort.c">
      <Filter>Source Files\util</Filter>
    </ClCompile>
    <ClCompile Include="..\cudd\st\st.c">
      <Filter>Source Files\st</Filter>
    </ClCompile>
    <ClCompile Include="..\cudd\mtr\mtrBasic.c">
      <Filter>Source Files\mtr</Filter>
    </ClCompile>
    <ClCompile Include="..\cudd\mtr\mtrGroup.c">
      <Filter>Source Files\mtr</Filter>
    </ClCompile>
    <ClCompile Include="..\cudd\epd\epd.c">
      <Filter>Source Files\epd</Filter>
    </ClCompile>
  </ItemGroup>
  <ItemGroup>
    <ClInclude Include="config.h">
      <Filter>Header Files\cudd</Filter>
    </ClInclude>
    <ClInclude Include="..\cudd\cudd\cudd.h">
      <Filter>Header Files\cudd</Filter>
    </ClInclude>
    <ClInclude Include="..\cudd\cudd\cuddInt.h">
      <Filter>Header Files\cudd</Filter>
    </ClInclude>
    <ClInclude Include="..\cudd\util\cstringstream.h">
      <Filter>Header Files\util</Filter>
    </ClInclude>
    <ClInclude Include="..\cudd\util\util.h">
      <Filter>Header Files\util</Filter>
    </ClInclude>
    <ClInclude Include="..\cudd\st\st.h">
      <Filter>Header Files\st</Filter>
    </ClInclude>
    <ClInclude Include="..\cudd\mtr\mtr.h">
      <Filter>Header Files\mtr</Filter>
    </ClInclude>
    <ClInclude Include="..\cudd\mtr\mtrInt.h">
      <Filter>Header Files\mtr</Filter>
    </ClInclude>
    <ClInclude Include="..\cudd\epd\epd.h">
      <Filter>Header Files\epd</Filter>
    </ClInclude>
    <ClInclude Include="..\cudd\epd\epdInt.h">
      <Filter>Header Files\epd</Filter>
    </ClInclude>
  </ItemGroup>
</Project>